{
  "name": "myblog",
  "version": "1.0.0",
  "lockfileVersion": 1,
  "requires": true,
  "dependencies": {
    "@babel/runtime": {
      "version": "7.12.5",
      "resolved": "https://registry.npm.taobao.org/@babel/runtime/download/@babel/runtime-7.12.5.tgz?cache=0&sync_timestamp=1604441085826&other_urls=https%3A%2F%2Fregistry.npm.taobao.org%2F%40babel%2Fruntime%2Fdownload%2F%40babel%2Fruntime-7.12.5.tgz",
      "integrity": "sha1-QQ5+SHRB4bNgwpvnFdhw2bmFiC4=",
      "requires": {
        "regenerator-runtime": "^0.13.4"
      }
    },
    "@babel/runtime-corejs3": {
      "version": "7.12.5",
      "resolved": "https://registry.npm.taobao.org/@babel/runtime-corejs3/download/@babel/runtime-corejs3-7.12.5.tgz?cache=0&sync_timestamp=1604441322458&other_urls=https%3A%2F%2Fregistry.npm.taobao.org%2F%40babel%2Fruntime-corejs3%2Fdownload%2F%40babel%2Fruntime-corejs3-7.12.5.tgz",
      "integrity": "sha1-/+6R2g60xtrggHdOlLpgY2jkFPQ=",
      "requires": {
        "core-js-pure": "^3.0.0",
        "regenerator-runtime": "^0.13.4"
      }
    },
    "axios": {
      "version": "0.21.0",
      "resolved": "https://registry.npm.taobao.org/axios/download/axios-0.21.0.tgz?cache=0&sync_timestamp=1603468716105&other_urls=https%3A%2F%2Fregistry.npm.taobao.org%2Faxios%2Fdownload%2Faxios-0.21.0.tgz",
      "integrity": "sha1-Jt8IiAOiNQ3/LCf5b++Z/klEKso=",
      "requires": {
        "follow-redirects": "^1.10.0"
      }
    },
    "bootstrap": {
      "version": "3.4.1",
      "resolved": "https://registry.npm.taobao.org/bootstrap/download/bootstrap-3.4.1.tgz?cache=0&sync_timestamp=1605115162739&other_urls=https%3A%2F%2Fregistry.npm.taobao.org%2Fbootstrap%2Fdownload%2Fbootstrap-3.4.1.tgz",
      "integrity": "sha1-w6NH1Bniia0R9AM+PEEyuHwIHXI="
    },
    "core-js-pure": {
      "version": "3.8.0",
      "resolved": "https://registry.npm.taobao.org/core-js-pure/download/core-js-pure-3.8.0.tgz",
      "integrity": "sha1-TN0uyjfUnNoga2biYgSBjbp3iEo="
    },
    "follow-redirects": {
      "version": "1.13.0",
      "resolved": "https://registry.npm.taobao.org/follow-redirects/download/follow-redirects-1.13.0.tgz",
      "integrity": "sha1-tC6Nk6Kn7qXtiGM2dtZZe8jjhNs="
    },
    "jquery": {
      "version": "3.5.1",
      "resolved": "https://registry.npm.taobao.org/jquery/download/jquery-3.5.1.tgz",
      "integrity": "sha1-17TQjhv9uGrS8aPQOeoXMEcXq7U="
    },
    "jsencrypt": {
      "version": "3.0.0-rc.1",
      "resolved": "https://registry.npm.taobao.org/jsencrypt/download/jsencrypt-3.0.0-rc.1.tgz",
      "integrity": "sha1-DgpHRLpDzFV/tc9i/oZGvOtWGxw="
    },
    "regenerator-runtime": {
      "version": "0.13.7",
      "resolved": "https://registry.npm.taobao.org/regenerator-runtime/download/regenerator-runtime-0.13.7.tgz?cache=0&sync_timestamp=1595456117883&other_urls=https%3A%2F%2Fregistry.npm.taobao.org%2Fregenerator-runtime%2Fdownload%2Fregenerator-runtime-0.13.7.tgz",
      "integrity": "sha1-ysLazIoepnX+qrrriugziYrkb1U="
    },
    "store": {
      "version": "2.0.12",
      "resolved": "https://registry.npm.taobao.org/store/download/store-2.0.12.tgz",
      "integrity": "sha1-jFNOKguDH3K3X8XxEZhXxE711ZM="
    },
    "validator.tool": {
      "version": "1.0.10",
      "resolved": "https://registry.npm.taobao.org/validator.tool/download/validator.tool-1.0.10.tgz",
      "integrity": "sha1-Y41b6b0q+rb3FNb60Kjx/g54VWY="
    },
    "wangeditor": {
      "version": "4.5.2",
      "resolved": "https://registry.npm.taobao.org/wangeditor/download/wangeditor-4.5.2.tgz?cache=0&sync_timestamp=1606453706421&other_urls=https%3A%2F%2Fregistry.npm.taobao.org%2Fwangeditor%2Fdownload%2Fwangeditor-4.5.2.tgz",
      "integrity": "sha1-PBLWCmMA85tb9ptn8td9dKpGd+c=",
      "requires": {
        "@babel/runtime": "^7.11.2",
        "@babel/runtime-corejs3": "^7.11.2"
      }
    }
  }
}
